
Microsoft Visual Studio Solution File, Format Version 12.00
# Visual Studio Version 17
VisualStudioVersion = 17.0.32112.339
MinimumVisualStudioVersion = 10.0.40219.1
Project("{2150E333-8FDC-42A3-9474-1A3956D46DE8}") = "Services", "Services", "{95D32B77-7D75-4563-A7AA-CE38EE76B99F}"
EndProject
Project("{2150E333-8FDC-42A3-9474-1A3956D46DE8}") = "Catalog", "Catalog", "{C2606FC0-9153-461E-B948-C7941C46FA47}"
EndProject
Project("{9A19103F-16F7-4668-BE54-9A1E7A4F7556}") = "Catalog.API", "Services\Catalog\Catalog.API\Catalog.API.csproj", "{C4E1528C-6B0B-4AA6-AE34-E55B8C7157AD}"
EndProject
Project("{E53339B2-1760-4266-BCC7-CA923CBCF16C}") = "docker-compose", "docker-compose.dcproj", "{A1B0001C-0A14-4948-BC3D-07838A46C0AF}"
EndProject
Project("{2150E333-8FDC-42A3-9474-1A3956D46DE8}") = "Basket", "Basket", "{B2031F9B-D911-4D1B-A4C5-4A24441D4447}"
EndProject
Project("{9A19103F-16F7-4668-BE54-9A1E7A4F7556}") = "Basket.API", "Services\Basket\Basket.API\Basket.API.csproj", "{EAB823AA-047A-48CE-B581-962D382DB62A}"
EndProject
Project("{2150E333-8FDC-42A3-9474-1A3956D46DE8}") = "Discount", "Discount", "{F21F061B-3265-4C2E-A5B9-2048FA7003B0}"
EndProject
Project("{9A19103F-16F7-4668-BE54-9A1E7A4F7556}") = "Discount.API", "Services\Discount\Discount.API\Discount.API.csproj", "{3D3121C7-73E1-4108-9F9C-0A11830506ED}"
EndProject
Project("{9A19103F-16F7-4668-BE54-9A1E7A4F7556}") = "Discount.GRPC", "Services\Discount\Discount.GRPC\Discount.GRPC.csproj", "{B145D94B-E9B0-4E85-A4CF-52D4CB37008B}"
EndProject
Project("{2150E333-8FDC-42A3-9474-1A3956D46DE8}") = "Ordering", "Ordering", "{23C9D74C-67B2-42D3-8F89-DDAADB73AAFC}"
EndProject
Project("{9A19103F-16F7-4668-BE54-9A1E7A4F7556}") = "Ordering.API", "Services\Ordering\Ordering.API\Ordering.API.csproj", "{BB1DB532-7A04-4B54-8FF8-3C5DAE026212}"
EndProject
Project("{9A19103F-16F7-4668-BE54-9A1E7A4F7556}") = "Ordering.Domain", "Services\Ordering\Ordering.Domain\Ordering.Domain.csproj", "{774F0D03-B6E4-4D5F-9E0C-5EC74A04ADF3}"
EndProject
Project("{9A19103F-16F7-4668-BE54-9A1E7A4F7556}") = "Ordering.Application", "Services\Ordering\Ordering.Application\Ordering.Application.csproj", "{8179A908-332D-4DA4-98A8-D18D30742638}"
EndProject
Project("{9A19103F-16F7-4668-BE54-9A1E7A4F7556}") = "Ordering.Infrastructure", "Services\Ordering\Ordering.Infrastructure\Ordering.Infrastructure.csproj", "{1A8EAC0B-E76D-44B4-9184-B7A59742AA2A}"
EndProject
Project("{2150E333-8FDC-42A3-9474-1A3956D46DE8}") = "BuildingBlocks", "BuildingBlocks", "{4A3B8478-3A4A-4A99-94AD-FA7113D55CC9}"
EndProject
Project("{FAE04EC0-301F-11D3-BF4B-00C04F79EFBC}") = "EventBus.Messages", "BuildingBlocks\EventBus.Messages\EventBus.Messages.csproj", "{E57EF904-5EA8-41DD-B276-2344E2B09C30}"
EndProject
Project("{2150E333-8FDC-42A3-9474-1A3956D46DE8}") = "ApiGateways", "ApiGateways", "{217BAD59-5BD0-413A-AC12-4006430AB4FF}"
EndProject
Project("{FAE04EC0-301F-11D3-BF4B-00C04F79EFBC}") = "OcelotApiGw", "ApiGateways\OcelotApiGw\OcelotApiGw.csproj", "{335B9B09-3D40-4DC1-96E6-784636F6E22E}"
EndProject
Project("{FAE04EC0-301F-11D3-BF4B-00C04F79EFBC}") = "Shopping.Aggregator", "ApiGateways\Shopping.Aggregator\Shopping.Aggregator.csproj", "{595A7D79-BFDF-4D95-8E73-7DA1A238B931}"
EndProject
Global
	GlobalSection(SolutionConfigurationPlatforms) = preSolution
		Debug|Any CPU = Debug|Any CPU
		Release|Any CPU = Release|Any CPU
	EndGlobalSection
	GlobalSection(ProjectConfigurationPlatforms) = postSolution
		{C4E1528C-6B0B-4AA6-AE34-E55B8C7157AD}.Debug|Any CPU.ActiveCfg = Debug|Any CPU
		{C4E1528C-6B0B-4AA6-AE34-E55B8C7157AD}.Debug|Any CPU.Build.0 = Debug|Any CPU
		{C4E1528C-6B0B-4AA6-AE34-E55B8C7157AD}.Release|Any CPU.ActiveCfg = Release|Any CPU
		{C4E1528C-6B0B-4AA6-AE34-E55B8C7157AD}.Release|Any CPU.Build.0 = Release|Any CPU
		{A1B0001C-0A14-4948-BC3D-07838A46C0AF}.Debug|Any CPU.ActiveCfg = Debug|Any CPU
		{A1B0001C-0A14-4948-BC3D-07838A46C0AF}.Debug|Any CPU.Build.0 = Debug|Any CPU
		{A1B0001C-0A14-4948-BC3D-07838A46C0AF}.Release|Any CPU.ActiveCfg = Release|Any CPU
		{A1B0001C-0A14-4948-BC3D-07838A46C0AF}.Release|Any CPU.Build.0 = Release|Any CPU
		{EAB823AA-047A-48CE-B581-962D382DB62A}.Debug|Any CPU.ActiveCfg = Debug|Any CPU
		{EAB823AA-047A-48CE-B581-962D382DB62A}.Debug|Any CPU.Build.0 = Debug|Any CPU
		{EAB823AA-047A-48CE-B581-962D382DB62A}.Release|Any CPU.ActiveCfg = Release|Any CPU
		{EAB823AA-047A-48CE-B581-962D382DB62A}.Release|Any CPU.Build.0 = Release|Any CPU
		{3D3121C7-73E1-4108-9F9C-0A11830506ED}.Debug|Any CPU.ActiveCfg = Debug|Any CPU
		{3D3121C7-73E1-4108-9F9C-0A11830506ED}.Debug|Any CPU.Build.0 = Debug|Any CPU
		{3D3121C7-73E1-4108-9F9C-0A11830506ED}.Release|Any CPU.ActiveCfg = Release|Any CPU
		{3D3121C7-73E1-4108-9F9C-0A11830506ED}.Release|Any CPU.Build.0 = Release|Any CPU
		{B145D94B-E9B0-4E85-A4CF-52D4CB37008B}.Debug|Any CPU.ActiveCfg = Debug|Any CPU
		{B145D94B-E9B0-4E85-A4CF-52D4CB37008B}.Debug|Any CPU.Build.0 = Debug|Any CPU
		{B145D94B-E9B0-4E85-A4CF-52D4CB37008B}.Release|Any CPU.ActiveCfg = Release|Any CPU
		{B145D94B-E9B0-4E85-A4CF-52D4CB37008B}.Release|Any CPU.Build.0 = Release|Any CPU
		{BB1DB532-7A04-4B54-8FF8-3C5DAE026212}.Debug|Any CPU.ActiveCfg = Debug|Any CPU
		{BB1DB532-7A04-4B54-8FF8-3C5DAE026212}.Debug|Any CPU.Build.0 = Debug|Any CPU
		{BB1DB532-7A04-4B54-8FF8-3C5DAE026212}.Release|Any CPU.ActiveCfg = Release|Any CPU
		{BB1DB532-7A04-4B54-8FF8-3C5DAE026212}.Release|Any CPU.Build.0 = Release|Any CPU
		{774F0D03-B6E4-4D5F-9E0C-5EC74A04ADF3}.Debug|Any CPU.ActiveCfg = Debug|Any CPU
		{774F0D03-B6E4-4D5F-9E0C-5EC74A04ADF3}.Debug|Any CPU.Build.0 = Debug|Any CPU
		{774F0D03-B6E4-4D5F-9E0C-5EC74A04ADF3}.Release|Any CPU.ActiveCfg = Release|Any CPU
		{774F0D03-B6E4-4D5F-9E0C-5EC74A04ADF3}.Release|Any CPU.Build.0 = Release|Any CPU
		{8179A908-332D-4DA4-98A8-D18D30742638}.Debug|Any CPU.ActiveCfg = Debug|Any CPU
		{8179A908-332D-4DA4-98A8-D18D30742638}.Debug|Any CPU.Build.0 = Debug|Any CPU
		{8179A908-332D-4DA4-98A8-D18D30742638}.Release|Any CPU.ActiveCfg = Release|Any CPU
		{8179A908-332D-4DA4-98A8-D18D30742638}.Release|Any CPU.Build.0 = Release|Any CPU
		{1A8EAC0B-E76D-44B4-9184-B7A59742AA2A}.Debug|Any CPU.ActiveCfg = Debug|Any CPU
		{1A8EAC0B-E76D-44B4-9184-B7A59742AA2A}.Debug|Any CPU.Build.0 = Debug|Any CPU
		{1A8EAC0B-E76D-44B4-9184-B7A59742AA2A}.Release|Any CPU.ActiveCfg = Release|Any CPU
		{1A8EAC0B-E76D-44B4-9184-B7A59742AA2A}.Release|Any CPU.Build.0 = Release|Any CPU
		{E57EF904-5EA8-41DD-B276-2344E2B09C30}.Debug|Any CPU.ActiveCfg = Debug|Any CPU
		{E57EF904-5EA8-41DD-B276-2344E2B09C30}.Debug|Any CPU.Build.0 = Debug|Any CPU
		{E57EF904-5EA8-41DD-B276-2344E2B09C30}.Release|Any CPU.ActiveCfg = Release|Any CPU
		{E57EF904-5EA8-41DD-B276-2344E2B09C30}.Release|Any CPU.Build.0 = Release|Any CPU
		{335B9B09-3D40-4DC1-96E6-784636F6E22E}.Debug|Any CPU.ActiveCfg = Debug|Any CPU
		{335B9B09-3D40-4DC1-96E6-784636F6E22E}.Debug|Any CPU.Build.0 = Debug|Any CPU
		{335B9B09-3D40-4DC1-96E6-784636F6E22E}.Release|Any CPU.ActiveCfg = Release|Any CPU
		{335B9B09-3D40-4DC1-96E6-784636F6E22E}.Release|Any CPU.Build.0 = Release|Any CPU
		{595A7D79-BFDF-4D95-8E73-7DA1A238B931}.Debug|Any CPU.ActiveCfg = Debug|Any CPU
		{595A7D79-BFDF-4D95-8E73-7DA1A238B931}.Debug|Any CPU.Build.0 = Debug|Any CPU
		{595A7D79-BFDF-4D95-8E73-7DA1A238B931}.Release|Any CPU.ActiveCfg = Release|Any CPU
		{595A7D79-BFDF-4D95-8E73-7DA1A238B931}.Release|Any CPU.Build.0 = Release|Any CPU
	EndGlobalSection
	GlobalSection(SolutionProperties) = preSolution
		HideSolutionNode = FALSE
	EndGlobalSection
	GlobalSection(NestedProjects) = preSolution
		{C2606FC0-9153-461E-B948-C7941C46FA47} = {95D32B77-7D75-4563-A7AA-CE38EE76B99F}
		{C4E1528C-6B0B-4AA6-AE34-E55B8C7157AD} = {C2606FC0-9153-461E-B948-C7941C46FA47}
		{B2031F9B-D911-4D1B-A4C5-4A24441D4447} = {95D32B77-7D75-4563-A7AA-CE38EE76B99F}
		{EAB823AA-047A-48CE-B581-962D382DB62A} = {B2031F9B-D911-4D1B-A4C5-4A24441D4447}
		{F21F061B-3265-4C2E-A5B9-2048FA7003B0} = {95D32B77-7D75-4563-A7AA-CE38EE76B99F}
		{3D3121C7-73E1-4108-9F9C-0A11830506ED} = {F21F061B-3265-4C2E-A5B9-2048FA7003B0}
		{B145D94B-E9B0-4E85-A4CF-52D4CB37008B} = {F21F061B-3265-4C2E-A5B9-2048FA7003B0}
		{23C9D74C-67B2-42D3-8F89-DDAADB73AAFC} = {95D32B77-7D75-4563-A7AA-CE38EE76B99F}
		{BB1DB532-7A04-4B54-8FF8-3C5DAE026212} = {23C9D74C-67B2-42D3-8F89-DDAADB73AAFC}
		{774F0D03-B6E4-4D5F-9E0C-5EC74A04ADF3} = {23C9D74C-67B2-42D3-8F89-DDAADB73AAFC}
		{8179A908-332D-4DA4-98A8-D18D30742638} = {23C9D74C-67B2-42D3-8F89-DDAADB73AAFC}
		{1A8EAC0B-E76D-44B4-9184-B7A59742AA2A} = {23C9D74C-67B2-42D3-8F89-DDAADB73AAFC}
		{E57EF904-5EA8-41DD-B276-2344E2B09C30} = {4A3B8478-3A4A-4A99-94AD-FA7113D55CC9}
		{335B9B09-3D40-4DC1-96E6-784636F6E22E} = {217BAD59-5BD0-413A-AC12-4006430AB4FF}
		{595A7D79-BFDF-4D95-8E73-7DA1A238B931} = {217BAD59-5BD0-413A-AC12-4006430AB4FF}
	EndGlobalSection
	GlobalSection(ExtensibilityGlobals) = postSolution
		SolutionGuid = {7BB3DF34-3C1B-4EBC-B6EC-F029BB121223}
	EndGlobalSection
EndGlobal
